// !$*UTF8*$!
{
	archiveVersion = 1;
	classes = {
	};
	objectVersion = 46;
	objects = {

/* Begin PBXBuildFile section */
		8E3FE21118B3C729002533DF /* Foundation.framework in Frameworks */ = {isa = PBXBuildFile; fileRef = 8E3FE21018B3C729002533DF /* Foundation.framework */; };
		8E3FE21318B3C729002533DF /* CoreGraphics.framework in Frameworks */ = {isa = PBXBuildFile; fileRef = 8E3FE21218B3C729002533DF /* CoreGraphics.framework */; };
		8E3FE21518B3C729002533DF /* UIKit.framework in Frameworks */ = {isa = PBXBuildFile; fileRef = 8E3FE21418B3C729002533DF /* UIKit.framework */; };
		8E3FE21B18B3C729002533DF /* InfoPlist.strings in Resources */ = {isa = PBXBuildFile; fileRef = 8E3FE21918B3C729002533DF /* InfoPlist.strings */; };
		8E3FE21D18B3C729002533DF /* main.m in Sources */ = {isa = PBXBuildFile; fileRef = 8E3FE21C18B3C729002533DF /* main.m */; };
		8E3FE22118B3C729002533DF /* AppDelegate.m in Sources */ = {isa = PBXBuildFile; fileRef = 8E3FE22018B3C729002533DF /* AppDelegate.m */; };
		8E3FE22718B3C729002533DF /* ViewController.m in Sources */ = {isa = PBXBuildFile; fileRef = 8E3FE22618B3C729002533DF /* ViewController.m */; };
		8E3FE22918B3C729002533DF /* Images.xcassets in Resources */ = {isa = PBXBuildFile; fileRef = 8E3FE22818B3C729002533DF /* Images.xcassets */; };
		8E3FE25118B3E3B0002533DF /* IDmeWebVerify.m in Sources */ = {isa = PBXBuildFile; fileRef = 8E3FE24E18B3E3B0002533DF /* IDmeWebVerify.m */; };
		8E3FE25218B3E3B0002533DF /* IDmeWebVerifyNavigationController.m in Sources */ = {isa = PBXBuildFile; fileRef = 8E3FE25018B3E3B0002533DF /* IDmeWebVerifyNavigationController.m */; };
/* End PBXBuildFile section */

/* Begin PBXFileReference section */
		8E3FE20D18B3C729002533DF /* WebVerifySample.app */ = {isa = PBXFileReference; explicitFileType = wrapper.application; includeInIndex = 0; path = WebVerifySample.app; sourceTree = BUILT_PRODUCTS_DIR; };
		8E3FE21018B3C729002533DF /* Foundation.framework */ = {isa = PBXFileReference; lastKnownFileType = wrapper.framework; name = Foundation.framework; path = System/Library/Frameworks/Foundation.framework; sourceTree = SDKROOT; };
		8E3FE21218B3C729002533DF /* CoreGraphics.framework */ = {isa = PBXFileReference; lastKnownFileType = wrapper.framework; name = CoreGraphics.framework; path = System/Library/Frameworks/CoreGraphics.framework; sourceTree = SDKROOT; };
		8E3FE21418B3C729002533DF /* UIKit.framework */ = {isa = PBXFileReference; lastKnownFileType = wrapper.framework; name = UIKit.framework; path = System/Library/Frameworks/UIKit.framework; sourceTree = SDKROOT; };
		8E3FE21818B3C729002533DF /* WebVerifySample-Info.plist */ = {isa = PBXFileReference; lastKnownFileType = text.plist.xml; path = "WebVerifySample-Info.plist"; sourceTree = "<group>"; };
		8E3FE21A18B3C729002533DF /* en */ = {isa = PBXFileReference; lastKnownFileType = text.plist.strings; name = en; path = en.lproj/InfoPlist.strings; sourceTree = "<group>"; };
		8E3FE21C18B3C729002533DF /* main.m */ = {isa = PBXFileReference; lastKnownFileType = sourcecode.c.objc; path = main.m; sourceTree = "<group>"; };
		8E3FE21E18B3C729002533DF /* WebVerifySample-Prefix.pch */ = {isa = PBXFileReference; lastKnownFileType = sourcecode.c.h; path = "WebVerifySample-Prefix.pch"; sourceTree = "<group>"; };
		8E3FE21F18B3C729002533DF /* AppDelegate.h */ = {isa = PBXFileReference; lastKnownFileType = sourcecode.c.h; path = AppDelegate.h; sourceTree = "<group>"; };
		8E3FE22018B3C729002533DF /* AppDelegate.m */ = {isa = PBXFileReference; lastKnownFileType = sourcecode.c.objc; path = AppDelegate.m; sourceTree = "<group>"; };
		8E3FE22518B3C729002533DF /* ViewController.h */ = {isa = PBXFileReference; lastKnownFileType = sourcecode.c.h; path = ViewController.h; sourceTree = "<group>"; };
		8E3FE22618B3C729002533DF /* ViewController.m */ = {isa = PBXFileReference; lastKnownFileType = sourcecode.c.objc; path = ViewController.m; sourceTree = "<group>"; };
		8E3FE22818B3C729002533DF /* Images.xcassets */ = {isa = PBXFileReference; lastKnownFileType = folder.assetcatalog; path = Images.xcassets; sourceTree = "<group>"; };
		8E3FE23718B3C729002533DF /* WebVerifySampleTests-Info.plist */ = {isa = PBXFileReference; lastKnownFileType = text.plist.xml; path = "WebVerifySampleTests-Info.plist"; sourceTree = "<group>"; };
		8E3FE23918B3C729002533DF /* en */ = {isa = PBXFileReference; lastKnownFileType = text.plist.strings; name = en; path = en.lproj/InfoPlist.strings; sourceTree = "<group>"; };
		8E3FE23B18B3C729002533DF /* WebVerifySampleTests.m */ = {isa = PBXFileReference; lastKnownFileType = sourcecode.c.objc; path = WebVerifySampleTests.m; sourceTree = "<group>"; };
		8E3FE24D18B3E3B0002533DF /* IDmeWebVerify.h */ = {isa = PBXFileReference; fileEncoding = 4; lastKnownFileType = sourcecode.c.h; path = IDmeWebVerify.h; sourceTree = "<group>"; };
		8E3FE24E18B3E3B0002533DF /* IDmeWebVerify.m */ = {isa = PBXFileReference; fileEncoding = 4; lastKnownFileType = sourcecode.c.objc; path = IDmeWebVerify.m; sourceTree = "<group>"; };
		8E3FE24F18B3E3B0002533DF /* IDmeWebVerifyNavigationController.h */ = {isa = PBXFileReference; fileEncoding = 4; lastKnownFileType = sourcecode.c.h; path = IDmeWebVerifyNavigationController.h; sourceTree = "<group>"; };
		8E3FE25018B3E3B0002533DF /* IDmeWebVerifyNavigationController.m */ = {isa = PBXFileReference; fileEncoding = 4; lastKnownFileType = sourcecode.c.objc; path = IDmeWebVerifyNavigationController.m; sourceTree = "<group>"; };
/* End PBXFileReference section */

/* Begin PBXFrameworksBuildPhase section */
		8E3FE20A18B3C729002533DF /* Frameworks */ = {
			isa = PBXFrameworksBuildPhase;
			buildActionMask = 2147483647;
			files = (
				8E3FE21318B3C729002533DF /* CoreGraphics.framework in Frameworks */,
				8E3FE21518B3C729002533DF /* UIKit.framework in Frameworks */,
				8E3FE21118B3C729002533DF /* Foundation.framework in Frameworks */,
			);
			runOnlyForDeploymentPostprocessing = 0;
		};
/* End PBXFrameworksBuildPhase section */

/* Begin PBXGroup section */
		8E3FE20418B3C729002533DF = {
			isa = PBXGroup;
			children = (
				8E3FE21618B3C729002533DF /* WebVerifySample */,
				8E3FE23518B3C729002533DF /* WebVerifySampleTests */,
				8E3FE20F18B3C729002533DF /* Frameworks */,
				8E3FE20E18B3C729002533DF /* Products */,
			);
			sourceTree = "<group>";
		};
		8E3FE20E18B3C729002533DF /* Products */ = {
			isa = PBXGroup;
			children = (
				8E3FE20D18B3C729002533DF /* WebVerifySample.app */,
			);
			name = Products;
			sourceTree = "<group>";
		};
		8E3FE20F18B3C729002533DF /* Frameworks */ = {
			isa = PBXGroup;
			children = (
				8E3FE21018B3C729002533DF /* Foundation.framework */,
				8E3FE21218B3C729002533DF /* CoreGraphics.framework */,
				8E3FE21418B3C729002533DF /* UIKit.framework */,
			);
			name = Frameworks;
			sourceTree = "<group>";
		};
		8E3FE21618B3C729002533DF /* WebVerifySample */ = {
			isa = PBXGroup;
			children = (
				8E3FE21F18B3C729002533DF /* AppDelegate.h */,
				8E3FE22018B3C729002533DF /* AppDelegate.m */,
				8E3FE22518B3C729002533DF /* ViewController.h */,
				8E3FE22618B3C729002533DF /* ViewController.m */,
				8E3FE22818B3C729002533DF /* Images.xcassets */,
				8E3FE21718B3C729002533DF /* Supporting Files */,
				8E3FE24C18B3E3B0002533DF /* ID.me WebVerify SDK */,
			);
			path = WebVerifySample;
			sourceTree = "<group>";
		};
		8E3FE21718B3C729002533DF /* Supporting Files */ = {
			isa = PBXGroup;
			children = (
				8E3FE21818B3C729002533DF /* WebVerifySample-Info.plist */,
				8E3FE21918B3C729002533DF /* InfoPlist.strings */,
				8E3FE21C18B3C729002533DF /* main.m */,
				8E3FE21E18B3C729002533DF /* WebVerifySample-Prefix.pch */,
			);
			name = "Supporting Files";
			sourceTree = "<group>";
		};
		8E3FE23518B3C729002533DF /* WebVerifySampleTests */ = {
			isa = PBXGroup;
			children = (
				8E3FE23B18B3C729002533DF /* WebVerifySampleTests.m */,
				8E3FE23618B3C729002533DF /* Supporting Files */,
			);
			path = WebVerifySampleTests;
			sourceTree = "<group>";
		};
		8E3FE23618B3C729002533DF /* Supporting Files */ = {
			isa = PBXGroup;
			children = (
				8E3FE23718B3C729002533DF /* WebVerifySampleTests-Info.plist */,
				8E3FE23818B3C729002533DF /* InfoPlist.strings */,
			);
			name = "Supporting Files";
			sourceTree = "<group>";
		};
		8E3FE24C18B3E3B0002533DF /* ID.me WebVerify SDK */ = {
			isa = PBXGroup;
			children = (
				8E3FE24D18B3E3B0002533DF /* IDmeWebVerify.h */,
				8E3FE24E18B3E3B0002533DF /* IDmeWebVerify.m */,
				8E3FE24F18B3E3B0002533DF /* IDmeWebVerifyNavigationController.h */,
				8E3FE25018B3E3B0002533DF /* IDmeWebVerifyNavigationController.m */,
			);
			name = "ID.me WebVerify SDK";
			path = "../../ID.me WebVerify SDK";
			sourceTree = "<group>";
		};
/* End PBXGroup section */

/* Begin PBXNativeTarget section */
		8E3FE20C18B3C729002533DF /* WebVerifySample */ = {
			isa = PBXNativeTarget;
			buildConfigurationList = 8E3FE23F18B3C729002533DF /* Build configuration list for PBXNativeTarget "WebVerifySample" */;
			buildPhases = (
				8E3FE20918B3C729002533DF /* Sources */,
				8E3FE20A18B3C729002533DF /* Frameworks */,
				8E3FE20B18B3C729002533DF /* Resources */,
			);
			buildRules = (
			);
			dependencies = (
			);
			name = WebVerifySample;
			productName = WebVerifySample;
			productReference = 8E3FE20D18B3C729002533DF /* WebVerifySample.app */;
			productType = "com.apple.product-type.application";
		};
/* End PBXNativeTarget section */

/* Begin PBXProject section */
		8E3FE20518B3C729002533DF /* Project object */ = {
			isa = PBXProject;
			attributes = {
				LastUpgradeCheck = 0510;
				ORGANIZATIONNAME = "ID.me, Inc.";
			};
			buildConfigurationList = 8E3FE20818B3C729002533DF /* Build configuration list for PBXProject "WebVerifySample" */;
			compatibilityVersion = "Xcode 3.2";
			developmentRegion = English;
			hasScannedForEncodings = 0;
			knownRegions = (
				en,
				Base,
			);
			mainGroup = 8E3FE20418B3C729002533DF;
			productRefGroup = 8E3FE20E18B3C729002533DF /* Products */;
			projectDirPath = "";
			projectRoot = "";
			targets = (
				8E3FE20C18B3C729002533DF /* WebVerifySample */,
			);
		};
/* End PBXProject section */

/* Begin PBXResourcesBuildPhase section */
		8E3FE20B18B3C729002533DF /* Resources */ = {
			isa = PBXResourcesBuildPhase;
			buildActionMask = 2147483647;
			files = (
				8E3FE22918B3C729002533DF /* Images.xcassets in Resources */,
				8E3FE21B18B3C729002533DF /* InfoPlist.strings in Resources */,
			);
			runOnlyForDeploymentPostprocessing = 0;
		};
/* End PBXResourcesBuildPhase section */

/* Begin PBXSourcesBuildPhase section */
		8E3FE20918B3C729002533DF /* Sources */ = {
			isa = PBXSourcesBuildPhase;
			buildActionMask = 2147483647;
			files = (
				8E3FE25118B3E3B0002533DF /* IDmeWebVerify.m in Sources */,
				8E3FE22718B3C729002533DF /* ViewController.m in Sources */,
				8E3FE25218B3E3B0002533DF /* IDmeWebVerifyNavigationController.m in Sources */,
				8E3FE22118B3C729002533DF /* AppDelegate.m in Sources */,
				8E3FE21D18B3C729002533DF /* main.m in Sources */,
			);
			runOnlyForDeploymentPostprocessing = 0;
		};
/* End PBXSourcesBuildPhase section */

/* Begin PBXVariantGroup section */
		8E3FE21918B3C729002533DF /* InfoPlist.strings */ = {
			isa = PBXVariantGroup;
			children = (
				8E3FE21A18B3C729002533DF /* en */,
			);
			name = InfoPlist.strings;
			sourceTree = "<group>";
		};
		8E3FE23818B3C729002533DF /* InfoPlist.strings */ = {
			isa = PBXVariantGroup;
			children = (
				8E3FE23918B3C729002533DF /* en */,
			);
			name = InfoPlist.strings;
			sourceTree = "<group>";
		};
/* End PBXVariantGroup section */

/* Begin XCBuildConfiguration section */
		8E3FE23D18B3C729002533DF /* Debug */ = {
			isa = XCBuildConfiguration;
			buildSettings = {
				ALWAYS_SEARCH_USER_PATHS = NO;
				CLANG_CXX_LANGUAGE_STANDARD = "gnu++0x";
				CLANG_CXX_LIBRARY = "libc++";
				CLANG_ENABLE_MODULES = YES;
				CLANG_ENABLE_OBJC_ARC = YES;
				CLANG_WARN_BOOL_CONVERSION = YES;
				CLANG_WARN_CONSTANT_CONVERSION = YES;
				CLANG_WARN_DIRECT_OBJC_ISA_USAGE = YES_ERROR;
				CLANG_WARN_EMPTY_BODY = YES;
				CLANG_WARN_ENUM_CONVERSION = YES;
				CLANG_WARN_INT_CONVERSION = YES;
				CLANG_WARN_OBJC_ROOT_CLASS = YES_ERROR;
				CLANG_WARN__DUPLICATE_METHOD_MATCH = YES;
				"CODE_SIGN_IDENTITY[sdk=iphoneos*]" = "iPhone Developer";
				COPY_PHASE_STRIP = NO;
				GCC_C_LANGUAGE_STANDARD = gnu99;
				GCC_DYNAMIC_NO_PIC = NO;
				GCC_OPTIMIZATION_LEVEL = 0;
				GCC_PREPROCESSOR_DEFINITIONS = (
					"DEBUG=1",
					"$(inherited)",
				);
				GCC_SYMBOLS_PRIVATE_EXTERN = NO;
				GCC_WARN_64_TO_32_BIT_CONVERSION = YES;
				GCC_WARN_ABOUT_RETURN_TYPE = YES_ERROR;
				GCC_WARN_UNDECLARED_SELECTOR = YES;
				GCC_WARN_UNINITIALIZED_AUTOS = YES;
				GCC_WARN_UNUSED_FUNCTION = YES;
				GCC_WARN_UNUSED_VARIABLE = YES;
				IPHONEOS_DEPLOYMENT_TARGET = 7.0;
				ONLY_ACTIVE_ARCH = YES;
				SDKROOT = iphoneos;
			};
			name = Debug;
		};
		8E3FE23E18B3C729002533DF /* Release */ = {
			isa = XCBuildConfiguration;
			buildSettings = {
				ALWAYS_SEARCH_USER_PATHS = NO;
				CLANG_CXX_LANGUAGE_STANDARD = "gnu++0x";
				CLANG_CXX_LIBRARY = "libc++";
				CLANG_ENABLE_MODULES = YES;
				CLANG_ENABLE_OBJC_ARC = YES;
				CLANG_WARN_BOOL_CONVERSION = YES;
				CLANG_WARN_CONSTANT_CONVERSION = YES;
				CLANG_WARN_DIRECT_OBJC_ISA_USAGE = YES_ERROR;
				CLANG_WARN_EMPTY_BODY = YES;
				CLANG_WARN_ENUM_CONVERSION = YES;
				CLANG_WARN_INT_CONVERSION = YES;
				CLANG_WARN_OBJC_ROOT_CLASS = YES_ERROR;
				CLANG_WARN__DUPLICATE_METHOD_MATCH = YES;
				"CODE_SIGN_IDENTITY[sdk=iphoneos*]" = "iPhone Developer";
				COPY_PHASE_STRIP = YES;
				ENABLE_NS_ASSERTIONS = NO;
				GCC_C_LANGUAGE_STANDARD = gnu99;
				GCC_WARN_64_TO_32_BIT_CONVERSION = YES;
				GCC_WARN_ABOUT_RETURN_TYPE = YES_ERROR;
				GCC_WARN_UNDECLARED_SELECTOR = YES;
				GCC_WARN_UNINITIALIZED_AUTOS = YES;
				GCC_WARN_UNUSED_FUNCTION = YES;
				GCC_WARN_UNUSED_VARIABLE = YES;
				IPHONEOS_DEPLOYMENT_TARGET = 7.0;
				SDKROOT = iphoneos;
				VALIDATE_PRODUCT = YES;
			};
			name = Release;
		};
		8E3FE24018B3C729002533DF /* Debug */ = {
			isa = XCBuildConfiguration;
			buildSettings = {
				ASSETCATALOG_COMPILER_APPICON_NAME = AppIcon;
				ASSETCATALOG_COMPILER_LAUNCHIMAGE_NAME = LaunchImage;
				CODE_SIGN_IDENTITY = "iPhone Developer";
				GCC_PRECOMPILE_PREFIX_HEADER = YES;
				GCC_PREFIX_HEADER = "WebVerifySample/WebVerifySample-Prefix.pch";
				INFOPLIST_FILE = "WebVerifySample/WebVerifySample-Info.plist";
				PRODUCT_NAME = "$(TARGET_NAME)";
				PROVISIONING_PROFILE = "6344153c-1490-4976-a063-9d1e5b1ecd7f";
				WRAPPER_EXTENSION = app;
			};
			name = Debug;
		};
		8E3FE24118B3C729002533DF /* Release */ = {
			isa = XCBuildConfiguration;
			buildSettings = {
				ASSETCATALOG_COMPILER_APPICON_NAME = AppIcon;
				ASSETCATALOG_COMPILER_LAUNCHIMAGE_NAME = LaunchImage;
				CODE_SIGN_IDENTITY = "iPhone Developer";
				"CODE_SIGN_IDENTITY[sdk=iphoneos*]" = "iPhone Distribution";
				GCC_PRECOMPILE_PREFIX_HEADER = YES;
				GCC_PREFIX_HEADER = "WebVerifySample/WebVerifySample-Prefix.pch";
				INFOPLIST_FILE = "WebVerifySample/WebVerifySample-Info.plist";
				PRODUCT_NAME = "$(TARGET_NAME)";
				PROVISIONING_PROFILE = "6344153c-1490-4976-a063-9d1e5b1ecd7f";
				WRAPPER_EXTENSION = app;
			};
			name = Release;
		};
/* End XCBuildConfiguration section */

/* Begin XCConfigurationList section */
		8E3FE20818B3C729002533DF /* Build configuration list for PBXProject "WebVerifySample" */ = {
			isa = XCConfigurationList;
			buildConfigurations = (
				8E3FE23D18B3C729002533DF /* Debug */,
				8E3FE23E18B3C729002533DF /* Release */,
			);
			defaultConfigurationIsVisible = 0;
			defaultConfigurationName = Release;
		};
		8E3FE23F18B3C729002533DF /* Build configuration list for PBXNativeTarget "WebVerifySample" */ = {
			isa = XCConfigurationList;
			buildConfigurations = (
				8E3FE24018B3C729002533DF /* Debug */,
				8E3FE24118B3C729002533DF /* Release */,
			);
			defaultConfigurationIsVisible = 0;
			defaultConfigurationName = Release;
		};
/* End XCConfigurationList section */
	};
	rootObject = 8E3FE20518B3C729002533DF /* Project object */;
}
